
Microsoft Visual Studio Solution File, Format Version 12.00
# Visual Studio Version 17
VisualStudioVersion = 17.3.32929.385
MinimumVisualStudioVersion = 10.0.40219.1
Project("{9A19103F-16F7-4668-BE54-9A1E7A4F7556}") = "Chymera", "Chymera\Chymera.csproj", "{1F1D08C6-A925-4FF8-B9BF-9F0A655E0441}"
EndProject
Global
	GlobalSection(SolutionConfigurationPlatforms) = preSolution
		Debug|Any CPU = Debug|Any CPU
		Release|Any CPU = Release|Any CPU
	EndGlobalSection
	GlobalSection(ProjectConfigurationPlatforms) = postSolution
		{1F1D08C6-A925-4FF8-B9BF-9F0A655E0441}.Debug|Any CPU.ActiveCfg = Debug|Any CPU
		{1F1D08C6-A925-4FF8-B9BF-9F0A655E0441}.Debug|Any CPU.Build.0 = Debug|Any CPU
		{1F1D08C6-A925-4FF8-B9BF-9F0A655E0441}.Release|Any CPU.ActiveCfg = Release|Any CPU
		{1F1D08C6-A925-4FF8-B9BF-9F0A655E0441}.Release|Any CPU.Build.0 = Release|Any CPU
	EndGlobalSection
	GlobalSection(SolutionProperties) = preSolution
		HideSolutionNode = FALSE
	EndGlobalSection
	GlobalSection(ExtensibilityGlobals) = postSolution
		SolutionGuid = {C2EF2FA8-1303-49CD-BD3B-01B9B3BB459B}
	EndGlobalSection
EndGlobal
